Microsoft Visual Studio Solution File, Format Version 12.00
# Visual Studio 2012
Project("{FAE04EC0-301F-11D3-BF4B-00C04F79EFBC}") = "Testing_Procedural_Generation", "Testing_Procedural_Generation.csproj", "{921C034E-A0D9-4A21-B8AE-E702CA0BED6C}"
EndProject
Global
	GlobalSection(SolutionConfigurationPlatforms) = preSolution
	Debug|Any CPU = Debug|Any CPU
	ExportDebug|Any CPU = ExportDebug|Any CPU
	ExportRelease|Any CPU = ExportRelease|Any CPU
	EndGlobalSection
	GlobalSection(ProjectConfigurationPlatforms) = postSolution
		{921C034E-A0D9-4A21-B8AE-E702CA0BED6C}.Debug|Any CPU.ActiveCfg = Debug|Any CPU
		{921C034E-A0D9-4A21-B8AE-E702CA0BED6C}.Debug|Any CPU.Build.0 = Debug|Any CPU
		{921C034E-A0D9-4A21-B8AE-E702CA0BED6C}.ExportDebug|Any CPU.ActiveCfg = ExportDebug|Any CPU
		{921C034E-A0D9-4A21-B8AE-E702CA0BED6C}.ExportDebug|Any CPU.Build.0 = ExportDebug|Any CPU
		{921C034E-A0D9-4A21-B8AE-E702CA0BED6C}.ExportRelease|Any CPU.ActiveCfg = ExportRelease|Any CPU
		{921C034E-A0D9-4A21-B8AE-E702CA0BED6C}.ExportRelease|Any CPU.Build.0 = ExportRelease|Any CPU
	EndGlobalSection
EndGlobal
